
Microsoft Visual Studio Solution File, Format Version 12.00
# Visual Studio 15
VisualStudioVersion = 15.0.26730.12
MinimumVisualStudioVersion = 10.0.40219.1
Project("{FAE04EC0-301F-11D3-BF4B-00C04F79EFBC}") = "BBA.Application", "BBA.Application\BBA.Application.csproj", "{DCC30264-D59D-4B08-B5B8-7BAFB6341279}"
EndProject
Project("{FAE04EC0-301F-11D3-BF4B-00C04F79EFBC}") = "BBA.Tests", "BBA.Tests\BBA.Tests.csproj", "{E0A0B6B1-3ACE-4E72-8C83-2F1C549C41C9}"
EndProject
Global
	GlobalSection(SolutionConfigurationPlatforms) = preSolution
		Debug|Any CPU = Debug|Any CPU
		Release|Any CPU = Release|Any CPU
	EndGlobalSection
	GlobalSection(ProjectConfigurationPlatforms) = postSolution
		{DCC30264-D59D-4B08-B5B8-7BAFB6341279}.Debug|Any CPU.ActiveCfg = Debug|Any CPU
		{DCC30264-D59D-4B08-B5B8-7BAFB6341279}.Debug|Any CPU.Build.0 = Debug|Any CPU
		{DCC30264-D59D-4B08-B5B8-7BAFB6341279}.Release|Any CPU.ActiveCfg = Release|Any CPU
		{DCC30264-D59D-4B08-B5B8-7BAFB6341279}.Release|Any CPU.Build.0 = Release|Any CPU
		{E0A0B6B1-3ACE-4E72-8C83-2F1C549C41C9}.Debug|Any CPU.ActiveCfg = Debug|Any CPU
		{E0A0B6B1-3ACE-4E72-8C83-2F1C549C41C9}.Debug|Any CPU.Build.0 = Debug|Any CPU
		{E0A0B6B1-3ACE-4E72-8C83-2F1C549C41C9}.Release|Any CPU.ActiveCfg = Release|Any CPU
		{E0A0B6B1-3ACE-4E72-8C83-2F1C549C41C9}.Release|Any CPU.Build.0 = Release|Any CPU
	EndGlobalSection
	GlobalSection(SolutionProperties) = preSolution
		HideSolutionNode = FALSE
	EndGlobalSection
	GlobalSection(ExtensibilityGlobals) = postSolution
		SolutionGuid = {63F6CDB6-E76A-4E1D-BA79-49DC3F1561A1}
	EndGlobalSection
EndGlobal
